
Microsoft Visual Studio Solution File, Format Version 12.00
# Visual Studio Version 17
VisualStudioVersion = 17.8.34525.116
MinimumVisualStudioVersion = 10.0.40219.1
Project("{FAE04EC0-301F-11D3-BF4B-00C04F79EFBC}") = "WeatherApp.Domain", "WeatherApp.Domain\WeatherApp.Domain.csproj", "{99D341F7-5D1B-41E4-B5B6-32FE1190D259}"
EndProject
Project("{FAE04EC0-301F-11D3-BF4B-00C04F79EFBC}") = "WeatherApp.Repository", "WeatherApp.Repository\WeatherApp.Repository.csproj", "{D09B136A-D3DE-4B2C-B56E-64E77C7D6B87}"
EndProject
Project("{FAE04EC0-301F-11D3-BF4B-00C04F79EFBC}") = "WeatherApp.Infrastructure", "WeatherApp.Infrastructure\WeatherApp.Infrastructure.csproj", "{580D78D3-4226-4D50-B6D8-B561CE3CC464}"
EndProject
Project("{FAE04EC0-301F-11D3-BF4B-00C04F79EFBC}") = "WeatherApp.Application", "WeatherApp.Application\WeatherApp.Application.csproj", "{96CAC2E6-141F-4621-92FE-D3A9051CE38D}"
EndProject
Project("{FAE04EC0-301F-11D3-BF4B-00C04F79EFBC}") = "WeatherApp.WebUI", "WeatherApp.WebUI\WeatherApp.WebUI.csproj", "{8288A0B4-50B4-4394-BBE1-B398B03F3685}"
EndProject
Global
	GlobalSection(SolutionConfigurationPlatforms) = preSolution
		Debug|Any CPU = Debug|Any CPU
		Release|Any CPU = Release|Any CPU
	EndGlobalSection
	GlobalSection(ProjectConfigurationPlatforms) = postSolution
		{99D341F7-5D1B-41E4-B5B6-32FE1190D259}.Debug|Any CPU.ActiveCfg = Debug|Any CPU
		{99D341F7-5D1B-41E4-B5B6-32FE1190D259}.Debug|Any CPU.Build.0 = Debug|Any CPU
		{99D341F7-5D1B-41E4-B5B6-32FE1190D259}.Release|Any CPU.ActiveCfg = Release|Any CPU
		{99D341F7-5D1B-41E4-B5B6-32FE1190D259}.Release|Any CPU.Build.0 = Release|Any CPU
		{D09B136A-D3DE-4B2C-B56E-64E77C7D6B87}.Debug|Any CPU.ActiveCfg = Debug|Any CPU
		{D09B136A-D3DE-4B2C-B56E-64E77C7D6B87}.Debug|Any CPU.Build.0 = Debug|Any CPU
		{D09B136A-D3DE-4B2C-B56E-64E77C7D6B87}.Release|Any CPU.ActiveCfg = Release|Any CPU
		{D09B136A-D3DE-4B2C-B56E-64E77C7D6B87}.Release|Any CPU.Build.0 = Release|Any CPU
		{580D78D3-4226-4D50-B6D8-B561CE3CC464}.Debug|Any CPU.ActiveCfg = Debug|Any CPU
		{580D78D3-4226-4D50-B6D8-B561CE3CC464}.Debug|Any CPU.Build.0 = Debug|Any CPU
		{580D78D3-4226-4D50-B6D8-B561CE3CC464}.Release|Any CPU.ActiveCfg = Release|Any CPU
		{580D78D3-4226-4D50-B6D8-B561CE3CC464}.Release|Any CPU.Build.0 = Release|Any CPU
		{96CAC2E6-141F-4621-92FE-D3A9051CE38D}.Debug|Any CPU.ActiveCfg = Debug|Any CPU
		{96CAC2E6-141F-4621-92FE-D3A9051CE38D}.Debug|Any CPU.Build.0 = Debug|Any CPU
		{96CAC2E6-141F-4621-92FE-D3A9051CE38D}.Release|Any CPU.ActiveCfg = Release|Any CPU
		{96CAC2E6-141F-4621-92FE-D3A9051CE38D}.Release|Any CPU.Build.0 = Release|Any CPU
		{8288A0B4-50B4-4394-BBE1-B398B03F3685}.Debug|Any CPU.ActiveCfg = Debug|Any CPU
		{8288A0B4-50B4-4394-BBE1-B398B03F3685}.Debug|Any CPU.Build.0 = Debug|Any CPU
		{8288A0B4-50B4-4394-BBE1-B398B03F3685}.Release|Any CPU.ActiveCfg = Release|Any CPU
		{8288A0B4-50B4-4394-BBE1-B398B03F3685}.Release|Any CPU.Build.0 = Release|Any CPU
	EndGlobalSection
	GlobalSection(SolutionProperties) = preSolution
		HideSolutionNode = FALSE
	EndGlobalSection
	GlobalSection(ExtensibilityGlobals) = postSolution
		SolutionGuid = {700B0B3A-1FF3-4712-85F3-E6430EB3EF7D}
	EndGlobalSection
EndGlobal
